
Microsoft Visual Studio Solution File, Format Version 12.00
# Visual Studio 15
VisualStudioVersion = 15.0.28307.705
MinimumVisualStudioVersion = 10.0.40219.1
Project("{FAE04EC0-301F-11D3-BF4B-00C04F79EFBC}") = "lab7", "lab7.csproj", "{40C9ADC8-BAA0-40A6-9897-8AFF0324699F}"
EndProject
Project("{FAE04EC0-301F-11D3-BF4B-00C04F79EFBC}") = "Tasks", "Tasks\Tasks.csproj", "{0AF6B476-583D-48EB-8C61-1DF0AE0AC5F8}"
EndProject
Global
	GlobalSection(SolutionConfigurationPlatforms) = preSolution
		Debug|Any CPU = Debug|Any CPU
		Release|Any CPU = Release|Any CPU
	EndGlobalSection
	GlobalSection(ProjectConfigurationPlatforms) = postSolution
		{40C9ADC8-BAA0-40A6-9897-8AFF0324699F}.Debug|Any CPU.ActiveCfg = Debug|Any CPU
		{40C9ADC8-BAA0-40A6-9897-8AFF0324699F}.Debug|Any CPU.Build.0 = Debug|Any CPU
		{40C9ADC8-BAA0-40A6-9897-8AFF0324699F}.Release|Any CPU.ActiveCfg = Release|Any CPU
		{40C9ADC8-BAA0-40A6-9897-8AFF0324699F}.Release|Any CPU.Build.0 = Release|Any CPU
		{0AF6B476-583D-48EB-8C61-1DF0AE0AC5F8}.Debug|Any CPU.ActiveCfg = Debug|Any CPU
		{0AF6B476-583D-48EB-8C61-1DF0AE0AC5F8}.Debug|Any CPU.Build.0 = Debug|Any CPU
		{0AF6B476-583D-48EB-8C61-1DF0AE0AC5F8}.Release|Any CPU.ActiveCfg = Release|Any CPU
		{0AF6B476-583D-48EB-8C61-1DF0AE0AC5F8}.Release|Any CPU.Build.0 = Release|Any CPU
	EndGlobalSection
	GlobalSection(SolutionProperties) = preSolution
		HideSolutionNode = FALSE
	EndGlobalSection
	GlobalSection(ExtensibilityGlobals) = postSolution
		SolutionGuid = {5B59560F-DB19-4534-94FE-7D52A17B7C21}
	EndGlobalSection
EndGlobal
