
Microsoft Visual Studio Solution File, Format Version 12.00
# Visual Studio 15
VisualStudioVersion = 15.0.28307.705
MinimumVisualStudioVersion = 10.0.40219.1
Project("{FAE04EC0-301F-11D3-BF4B-00C04F79EFBC}") = "tcp_client", "tcp_client.csproj", "{5045D102-8A84-4215-B043-486D1D97D301}"
EndProject
Global
	GlobalSection(SolutionConfigurationPlatforms) = preSolution
		Debug|Any CPU = Debug|Any CPU
		Release|Any CPU = Release|Any CPU
	EndGlobalSection
	GlobalSection(ProjectConfigurationPlatforms) = postSolution
		{5045D102-8A84-4215-B043-486D1D97D301}.Debug|Any CPU.ActiveCfg = Debug|Any CPU
		{5045D102-8A84-4215-B043-486D1D97D301}.Debug|Any CPU.Build.0 = Debug|Any CPU
		{5045D102-8A84-4215-B043-486D1D97D301}.Release|Any CPU.ActiveCfg = Release|Any CPU
		{5045D102-8A84-4215-B043-486D1D97D301}.Release|Any CPU.Build.0 = Release|Any CPU
	EndGlobalSection
	GlobalSection(SolutionProperties) = preSolution
		HideSolutionNode = FALSE
	EndGlobalSection
	GlobalSection(ExtensibilityGlobals) = postSolution
		SolutionGuid = {9D9B72F1-868B-4DA8-A0B2-1B363AA73F36}
	EndGlobalSection
EndGlobal
