
Microsoft Visual Studio Solution File, Format Version 12.00
# Visual Studio 15
VisualStudioVersion = 15.0.28307.705
MinimumVisualStudioVersion = 10.0.40219.1
Project("{8BC9CEB8-8B4A-11D0-8D11-00A0C91BC942}") = "texted", "texted.vcxproj", "{657C8C3A-31F6-4A74-BF69-C29E5E2E2DFD}"
EndProject
Global
	GlobalSection(SolutionConfigurationPlatforms) = preSolution
		Debug|x64 = Debug|x64
		Release|x64 = Release|x64
	EndGlobalSection
	GlobalSection(ProjectConfigurationPlatforms) = postSolution
		{657C8C3A-31F6-4A74-BF69-C29E5E2E2DFD}.Debug|x64.ActiveCfg = Debug|x64
		{657C8C3A-31F6-4A74-BF69-C29E5E2E2DFD}.Debug|x64.Build.0 = Debug|x64
		{657C8C3A-31F6-4A74-BF69-C29E5E2E2DFD}.Release|x64.ActiveCfg = Release|x64
		{657C8C3A-31F6-4A74-BF69-C29E5E2E2DFD}.Release|x64.Build.0 = Release|x64
	EndGlobalSection
	GlobalSection(SolutionProperties) = preSolution
		HideSolutionNode = FALSE
	EndGlobalSection
	GlobalSection(ExtensibilityGlobals) = postSolution
		SolutionGuid = {9B256158-0BD8-4F63-9F5D-6F7D2EE87F6A}
	EndGlobalSection
EndGlobal
