
Microsoft Visual Studio Solution File, Format Version 12.00
# Visual Studio 15
VisualStudioVersion = 15.0.28307.705
MinimumVisualStudioVersion = 10.0.40219.1
Project("{FAE04EC0-301F-11D3-BF4B-00C04F79EFBC}") = "customers_db", "customers_db.csproj", "{57C9BC60-EF56-4596-B822-4D1C96A29BD3}"
EndProject
Global
	GlobalSection(SolutionConfigurationPlatforms) = preSolution
		Debug|Any CPU = Debug|Any CPU
		Release|Any CPU = Release|Any CPU
	EndGlobalSection
	GlobalSection(ProjectConfigurationPlatforms) = postSolution
		{57C9BC60-EF56-4596-B822-4D1C96A29BD3}.Debug|Any CPU.ActiveCfg = Debug|Any CPU
		{57C9BC60-EF56-4596-B822-4D1C96A29BD3}.Debug|Any CPU.Build.0 = Debug|Any CPU
		{57C9BC60-EF56-4596-B822-4D1C96A29BD3}.Release|Any CPU.ActiveCfg = Release|Any CPU
		{57C9BC60-EF56-4596-B822-4D1C96A29BD3}.Release|Any CPU.Build.0 = Release|Any CPU
	EndGlobalSection
	GlobalSection(SolutionProperties) = preSolution
		HideSolutionNode = FALSE
	EndGlobalSection
	GlobalSection(ExtensibilityGlobals) = postSolution
		SolutionGuid = {D9A6AF07-127B-435F-B034-EE846741B476}
	EndGlobalSection
EndGlobal
