
Microsoft Visual Studio Solution File, Format Version 12.00
# Visual Studio 15
VisualStudioVersion = 15.0.28307.705
MinimumVisualStudioVersion = 10.0.40219.1
Project("{FAE04EC0-301F-11D3-BF4B-00C04F79EFBC}") = "lab8", "lab8.csproj", "{2E341203-2D1B-4E0A-BA93-8E877330899D}"
EndProject
Global
	GlobalSection(SolutionConfigurationPlatforms) = preSolution
		Debug|Any CPU = Debug|Any CPU
		Release|Any CPU = Release|Any CPU
	EndGlobalSection
	GlobalSection(ProjectConfigurationPlatforms) = postSolution
		{2E341203-2D1B-4E0A-BA93-8E877330899D}.Debug|Any CPU.ActiveCfg = Debug|Any CPU
		{2E341203-2D1B-4E0A-BA93-8E877330899D}.Debug|Any CPU.Build.0 = Debug|Any CPU
		{2E341203-2D1B-4E0A-BA93-8E877330899D}.Release|Any CPU.ActiveCfg = Release|Any CPU
		{2E341203-2D1B-4E0A-BA93-8E877330899D}.Release|Any CPU.Build.0 = Release|Any CPU
	EndGlobalSection
	GlobalSection(SolutionProperties) = preSolution
		HideSolutionNode = FALSE
	EndGlobalSection
	GlobalSection(ExtensibilityGlobals) = postSolution
		SolutionGuid = {82CDE032-4D42-44DB-B310-DF78AA48781E}
	EndGlobalSection
EndGlobal
